
Microsoft Visual Studio Solution File, Format Version 12.00
# Visual Studio 15
VisualStudioVersion = 15.0.28307.271
MinimumVisualStudioVersion = 10.0.40219.1
Project("{FAE04EC0-301F-11D3-BF4B-00C04F79EFBC}") = "ESDLang", "ESDLang\ESDLang.csproj", "{2A2E988A-A808-40EF-A1CD-4615FAEC9305}"
EndProject
Project("{FAE04EC0-301F-11D3-BF4B-00C04F79EFBC}") = "SoulsFormats", "..\SoulsFormats\SoulsFormats\SoulsFormats.csproj", "{22C664BD-877B-44DF-8ECF-2808522469A8}"
EndProject
Project("{FAE04EC0-301F-11D3-BF4B-00C04F79EFBC}") = "Script", "Script\Script.csproj", "{74A519BA-E428-4F70-8F18-18A1579CA7C0}"
EndProject
Project("{FAE04EC0-301F-11D3-BF4B-00C04F79EFBC}") = "SoulsIds", "..\SoulsIds\SoulsIds\SoulsIds.csproj", "{C46D537C-54DC-48BF-B824-8A950DD9D4F8}"
EndProject
Global
	GlobalSection(SolutionConfigurationPlatforms) = preSolution
		Debug|Any CPU = Debug|Any CPU
		Release|Any CPU = Release|Any CPU
	EndGlobalSection
	GlobalSection(ProjectConfigurationPlatforms) = postSolution
		{2A2E988A-A808-40EF-A1CD-4615FAEC9305}.Debug|Any CPU.ActiveCfg = Debug|Any CPU
		{2A2E988A-A808-40EF-A1CD-4615FAEC9305}.Debug|Any CPU.Build.0 = Debug|Any CPU
		{2A2E988A-A808-40EF-A1CD-4615FAEC9305}.Release|Any CPU.ActiveCfg = Release|Any CPU
		{2A2E988A-A808-40EF-A1CD-4615FAEC9305}.Release|Any CPU.Build.0 = Release|Any CPU
		{22C664BD-877B-44DF-8ECF-2808522469A8}.Debug|Any CPU.ActiveCfg = Debug|Any CPU
		{22C664BD-877B-44DF-8ECF-2808522469A8}.Debug|Any CPU.Build.0 = Debug|Any CPU
		{22C664BD-877B-44DF-8ECF-2808522469A8}.Release|Any CPU.ActiveCfg = Release|Any CPU
		{22C664BD-877B-44DF-8ECF-2808522469A8}.Release|Any CPU.Build.0 = Release|Any CPU
		{74A519BA-E428-4F70-8F18-18A1579CA7C0}.Debug|Any CPU.ActiveCfg = Debug|Any CPU
		{74A519BA-E428-4F70-8F18-18A1579CA7C0}.Debug|Any CPU.Build.0 = Debug|Any CPU
		{74A519BA-E428-4F70-8F18-18A1579CA7C0}.Release|Any CPU.ActiveCfg = Release|Any CPU
		{74A519BA-E428-4F70-8F18-18A1579CA7C0}.Release|Any CPU.Build.0 = Release|Any CPU
		{C46D537C-54DC-48BF-B824-8A950DD9D4F8}.Debug|Any CPU.ActiveCfg = Debug|Any CPU
		{C46D537C-54DC-48BF-B824-8A950DD9D4F8}.Debug|Any CPU.Build.0 = Debug|Any CPU
		{C46D537C-54DC-48BF-B824-8A950DD9D4F8}.Release|Any CPU.ActiveCfg = Release|Any CPU
		{C46D537C-54DC-48BF-B824-8A950DD9D4F8}.Release|Any CPU.Build.0 = Release|Any CPU
	EndGlobalSection
	GlobalSection(SolutionProperties) = preSolution
		HideSolutionNode = FALSE
	EndGlobalSection
	GlobalSection(ExtensibilityGlobals) = postSolution
		SolutionGuid = {7D649A77-5029-40A0-B344-ABC6FCCC079E}
	EndGlobalSection
EndGlobal
